
Microsoft Visual Studio Solution File, Format Version 12.00
# Visual Studio Version 17
VisualStudioVersion = 17.12.35707.178
MinimumVisualStudioVersion = 10.0.40219.1
Project("{FAE04EC0-301F-11D3-BF4B-00C04F79EFBC}") = "exercicio02", "exercicio02\exercicio02.csproj", "{760C7281-77AA-4F7F-AF3B-73D70AD9C9FB}"
EndProject
Project("{FAE04EC0-301F-11D3-BF4B-00C04F79EFBC}") = "exercicio3", "exercicio3\exercicio3.csproj", "{290E19F6-74E8-42C1-821D-32CC7111ED45}"
EndProject
Project("{FAE04EC0-301F-11D3-BF4B-00C04F79EFBC}") = "exercicicio1", "exercicicio1\exercicicio1.csproj", "{369E15BA-37BF-427F-9C00-EA7B5052D96D}"
EndProject
Project("{FAE04EC0-301F-11D3-BF4B-00C04F79EFBC}") = "exercicio4", "exercicio4\exercicio4.csproj", "{25EDFC67-E3E8-4DB6-A0B3-CBC8EA17996B}"
EndProject
Project("{FAE04EC0-301F-11D3-BF4B-00C04F79EFBC}") = "exercicio5", "exercicio5\exercicio5.csproj", "{F8F7E6D9-748D-4D6D-98B0-CA360D8F7464}"
EndProject
Project("{FAE04EC0-301F-11D3-BF4B-00C04F79EFBC}") = "exercicio6", "exercicio6\exercicio6.csproj", "{8F38EA68-E8BE-491F-B974-BFB1FEF2D8D1}"
EndProject
Project("{FAE04EC0-301F-11D3-BF4B-00C04F79EFBC}") = "exercicio7", "exercicio7\exercicio7.csproj", "{464C1E17-F78A-47F3-8E5E-098069E7AAD9}"
EndProject
Project("{FAE04EC0-301F-11D3-BF4B-00C04F79EFBC}") = "exercicio8", "exercicio8\exercicio8.csproj", "{F3A5DC4A-A565-4ADC-BDC6-C742D917CBA8}"
EndProject
Project("{FAE04EC0-301F-11D3-BF4B-00C04F79EFBC}") = "exercicio9", "exercicio9\exercicio9.csproj", "{3A528A43-AAC9-45C6-8E78-F841CBD1535B}"
EndProject
Project("{FAE04EC0-301F-11D3-BF4B-00C04F79EFBC}") = "exercicio10", "exercicio10\exercicio10.csproj", "{C3ABC417-CF45-47A1-899D-93531BAD8A29}"
EndProject
Global
	GlobalSection(SolutionConfigurationPlatforms) = preSolution
		Debug|Any CPU = Debug|Any CPU
		Release|Any CPU = Release|Any CPU
	EndGlobalSection
	GlobalSection(ProjectConfigurationPlatforms) = postSolution
		{760C7281-77AA-4F7F-AF3B-73D70AD9C9FB}.Debug|Any CPU.ActiveCfg = Debug|Any CPU
		{760C7281-77AA-4F7F-AF3B-73D70AD9C9FB}.Debug|Any CPU.Build.0 = Debug|Any CPU
		{760C7281-77AA-4F7F-AF3B-73D70AD9C9FB}.Release|Any CPU.ActiveCfg = Release|Any CPU
		{760C7281-77AA-4F7F-AF3B-73D70AD9C9FB}.Release|Any CPU.Build.0 = Release|Any CPU
		{290E19F6-74E8-42C1-821D-32CC7111ED45}.Debug|Any CPU.ActiveCfg = Debug|Any CPU
		{290E19F6-74E8-42C1-821D-32CC7111ED45}.Debug|Any CPU.Build.0 = Debug|Any CPU
		{290E19F6-74E8-42C1-821D-32CC7111ED45}.Release|Any CPU.ActiveCfg = Release|Any CPU
		{290E19F6-74E8-42C1-821D-32CC7111ED45}.Release|Any CPU.Build.0 = Release|Any CPU
		{369E15BA-37BF-427F-9C00-EA7B5052D96D}.Debug|Any CPU.ActiveCfg = Debug|Any CPU
		{369E15BA-37BF-427F-9C00-EA7B5052D96D}.Debug|Any CPU.Build.0 = Debug|Any CPU
		{369E15BA-37BF-427F-9C00-EA7B5052D96D}.Release|Any CPU.ActiveCfg = Release|Any CPU
		{369E15BA-37BF-427F-9C00-EA7B5052D96D}.Release|Any CPU.Build.0 = Release|Any CPU
		{25EDFC67-E3E8-4DB6-A0B3-CBC8EA17996B}.Debug|Any CPU.ActiveCfg = Debug|Any CPU
		{25EDFC67-E3E8-4DB6-A0B3-CBC8EA17996B}.Debug|Any CPU.Build.0 = Debug|Any CPU
		{25EDFC67-E3E8-4DB6-A0B3-CBC8EA17996B}.Release|Any CPU.ActiveCfg = Release|Any CPU
		{25EDFC67-E3E8-4DB6-A0B3-CBC8EA17996B}.Release|Any CPU.Build.0 = Release|Any CPU
		{F8F7E6D9-748D-4D6D-98B0-CA360D8F7464}.Debug|Any CPU.ActiveCfg = Debug|Any CPU
		{F8F7E6D9-748D-4D6D-98B0-CA360D8F7464}.Debug|Any CPU.Build.0 = Debug|Any CPU
		{F8F7E6D9-748D-4D6D-98B0-CA360D8F7464}.Release|Any CPU.ActiveCfg = Release|Any CPU
		{F8F7E6D9-748D-4D6D-98B0-CA360D8F7464}.Release|Any CPU.Build.0 = Release|Any CPU
		{8F38EA68-E8BE-491F-B974-BFB1FEF2D8D1}.Debug|Any CPU.ActiveCfg = Debug|Any CPU
		{8F38EA68-E8BE-491F-B974-BFB1FEF2D8D1}.Debug|Any CPU.Build.0 = Debug|Any CPU
		{8F38EA68-E8BE-491F-B974-BFB1FEF2D8D1}.Release|Any CPU.ActiveCfg = Release|Any CPU
		{8F38EA68-E8BE-491F-B974-BFB1FEF2D8D1}.Release|Any CPU.Build.0 = Release|Any CPU
		{464C1E17-F78A-47F3-8E5E-098069E7AAD9}.Debug|Any CPU.ActiveCfg = Debug|Any CPU
		{464C1E17-F78A-47F3-8E5E-098069E7AAD9}.Debug|Any CPU.Build.0 = Debug|Any CPU
		{464C1E17-F78A-47F3-8E5E-098069E7AAD9}.Release|Any CPU.ActiveCfg = Release|Any CPU
		{464C1E17-F78A-47F3-8E5E-098069E7AAD9}.Release|Any CPU.Build.0 = Release|Any CPU
		{F3A5DC4A-A565-4ADC-BDC6-C742D917CBA8}.Debug|Any CPU.ActiveCfg = Debug|Any CPU
		{F3A5DC4A-A565-4ADC-BDC6-C742D917CBA8}.Debug|Any CPU.Build.0 = Debug|Any CPU
		{F3A5DC4A-A565-4ADC-BDC6-C742D917CBA8}.Release|Any CPU.ActiveCfg = Release|Any CPU
		{F3A5DC4A-A565-4ADC-BDC6-C742D917CBA8}.Release|Any CPU.Build.0 = Release|Any CPU
		{3A528A43-AAC9-45C6-8E78-F841CBD1535B}.Debug|Any CPU.ActiveCfg = Debug|Any CPU
		{3A528A43-AAC9-45C6-8E78-F841CBD1535B}.Debug|Any CPU.Build.0 = Debug|Any CPU
		{3A528A43-AAC9-45C6-8E78-F841CBD1535B}.Release|Any CPU.ActiveCfg = Release|Any CPU
		{3A528A43-AAC9-45C6-8E78-F841CBD1535B}.Release|Any CPU.Build.0 = Release|Any CPU
		{C3ABC417-CF45-47A1-899D-93531BAD8A29}.Debug|Any CPU.ActiveCfg = Debug|Any CPU
		{C3ABC417-CF45-47A1-899D-93531BAD8A29}.Debug|Any CPU.Build.0 = Debug|Any CPU
		{C3ABC417-CF45-47A1-899D-93531BAD8A29}.Release|Any CPU.ActiveCfg = Release|Any CPU
		{C3ABC417-CF45-47A1-899D-93531BAD8A29}.Release|Any CPU.Build.0 = Release|Any CPU
	EndGlobalSection
	GlobalSection(SolutionProperties) = preSolution
		HideSolutionNode = FALSE
	EndGlobalSection
	GlobalSection(ExtensibilityGlobals) = postSolution
		SolutionGuid = {76100C1E-5895-4747-9780-DB6A9BE1DA4F}
	EndGlobalSection
EndGlobal
